
Microsoft Visual Studio Solution File, Format Version 12.00
# Visual Studio Version 16
VisualStudioVersion = 16.0.31205.134
MinimumVisualStudioVersion = 10.0.40219.1
Project("{FAE04EC0-301F-11D3-BF4B-00C04F79EFBC}") = "yoketoruvs22", "yoketoruvs22\yoketoruvs22.csproj", "{D310974D-BC2F-40C5-A5C7-E34DB455EBA6}"
EndProject
Global
	GlobalSection(SolutionConfigurationPlatforms) = preSolution
		Debug|Any CPU = Debug|Any CPU
		Release|Any CPU = Release|Any CPU
	EndGlobalSection
	GlobalSection(ProjectConfigurationPlatforms) = postSolution
		{D310974D-BC2F-40C5-A5C7-E34DB455EBA6}.Debug|Any CPU.ActiveCfg = Debug|Any CPU
		{D310974D-BC2F-40C5-A5C7-E34DB455EBA6}.Debug|Any CPU.Build.0 = Debug|Any CPU
		{D310974D-BC2F-40C5-A5C7-E34DB455EBA6}.Release|Any CPU.ActiveCfg = Release|Any CPU
		{D310974D-BC2F-40C5-A5C7-E34DB455EBA6}.Release|Any CPU.Build.0 = Release|Any CPU
	EndGlobalSection
	GlobalSection(SolutionProperties) = preSolution
		HideSolutionNode = FALSE
	EndGlobalSection
	GlobalSection(ExtensibilityGlobals) = postSolution
		SolutionGuid = {2FDE339D-787C-4FBC-9B38-A5AE503F6688}
	EndGlobalSection
EndGlobal
